<?xml version="1.0" encoding="utf-8"?>
<Project ToolsVersion="4.0" xmlns="http://schemas.microsoft.com/developer/msbuild/2003">
  <ItemGroup>
    <Filter Include="TUgine">
      <UniqueIdentifier>{B1C40CD2-9D66-37A8-8621-4BFC7262BEF8}</UniqueIdentifier>
    </Filter>
    <Filter Include="TUgine\Events">
      <UniqueIdentifier>{751F8218-E1DF-FD4E-AA1A-47CC169A422B}</UniqueIdentifier>
    </Filter>
  </ItemGroup>
  <ItemGroup>
    <ClInclude Include="src\TUgine.h" />
    <ClInclude Include="src\TUgine\Application.h">
      <Filter>TUgine</Filter>
    </ClInclude>
    <ClInclude Include="src\TUgine\Core.h">
      <Filter>TUgine</Filter>
    </ClInclude>
    <ClInclude Include="src\TUgine\EntryPoint.h">
      <Filter>TUgine</Filter>
    </ClInclude>
    <ClInclude Include="src\TUgine\Events\ApplicationEvent.h">
      <Filter>TUgine\Events</Filter>
    </ClInclude>
    <ClInclude Include="src\TUgine\Events\Event.h">
      <Filter>TUgine\Events</Filter>
    </ClInclude>
    <ClInclude Include="src\TUgine\Events\KeyEvent.h">
      <Filter>TUgine\Events</Filter>
    </ClInclude>
    <ClInclude Include="src\TUgine\Events\MouseEvent.h">
      <Filter>TUgine\Events</Filter>
    </ClInclude>
    <ClInclude Include="src\TUgine\Log.h">
      <Filter>TUgine</Filter>
    </ClInclude>
    <ClInclude Include="src\tugpch.h" />
  </ItemGroup>
  <ItemGroup>
    <ClCompile Include="src\TUgine\Application.cpp">
      <Filter>TUgine</Filter>
    </ClCompile>
    <ClCompile Include="src\TUgine\Log.cpp">
      <Filter>TUgine</Filter>
    </ClCompile>
    <ClCompile Include="src\tugpch.cpp" />
  </ItemGroup>
</Project>